
Microsoft Visual Studio Solution File, Format Version 12.00
# Visual Studio Version 16
VisualStudioVersion = 16.0.29519.87
MinimumVisualStudioVersion = 10.0.40219.1
Project("{FAE04EC0-301F-11D3-BF4B-00C04F79EFBC}") = "MonteCarlo", "MonteCarlo.csproj", "{E8B21E03-98B0-4D6E-A86C-77C4CFAC3349}"
EndProject
Global
	GlobalSection(SolutionConfigurationPlatforms) = preSolution
		Debug|Any CPU = Debug|Any CPU
		Release|Any CPU = Release|Any CPU
	EndGlobalSection
	GlobalSection(ProjectConfigurationPlatforms) = postSolution
		{E8B21E03-98B0-4D6E-A86C-77C4CFAC3349}.Debug|Any CPU.ActiveCfg = Debug|Any CPU
		{E8B21E03-98B0-4D6E-A86C-77C4CFAC3349}.Debug|Any CPU.Build.0 = Debug|Any CPU
		{E8B21E03-98B0-4D6E-A86C-77C4CFAC3349}.Release|Any CPU.ActiveCfg = Release|Any CPU
		{E8B21E03-98B0-4D6E-A86C-77C4CFAC3349}.Release|Any CPU.Build.0 = Release|Any CPU
	EndGlobalSection
	GlobalSection(SolutionProperties) = preSolution
		HideSolutionNode = FALSE
	EndGlobalSection
	GlobalSection(ExtensibilityGlobals) = postSolution
		SolutionGuid = {2112C298-AFBE-4157-BE20-6BAD9D6874CD}
	EndGlobalSection
EndGlobal
